// !$*UTF8*$!
{
	archiveVersion = 1;
	classes = {
	};
	objectVersion = 48;
	objects = {

/* Begin PBXBuildFile section */
		7F9410E03D36C79C4E3C1EE6 /* Pods_IntroBNK.framework in Frameworks */ = {isa = PBXBuildFile; fileRef = C6192CE4F32EAF5C59A4B72C /* Pods_IntroBNK.framework */; };
		D002846F20511F840004C372 /* MemberVC.swift in Sources */ = {isa = PBXBuildFile; fileRef = D002846E20511F840004C372 /* MemberVC.swift */; };
		D0028471205124BD0004C372 /* MVCell.swift in Sources */ = {isa = PBXBuildFile; fileRef = D0028470205124BD0004C372 /* MVCell.swift */; };
		D002847420512DF10004C372 /* Extensions.swift in Sources */ = {isa = PBXBuildFile; fileRef = D002847320512DF10004C372 /* Extensions.swift */; };
		D00284782051362B0004C372 /* MVVideoVC.swift in Sources */ = {isa = PBXBuildFile; fileRef = D00284772051362B0004C372 /* MVVideoVC.swift */; };
		D0393C9920526B5B00614EB4 /* NewsCell.swift in Sources */ = {isa = PBXBuildFile; fileRef = D0393C9820526B5B00614EB4 /* NewsCell.swift */; };
		D05031AD205382A300C7B8E6 /* Main.swift in Sources */ = {isa = PBXBuildFile; fileRef = D05031AC205382A300C7B8E6 /* Main.swift */; };
		D05031AF2053855D00C7B8E6 /* MVView.swift in Sources */ = {isa = PBXBuildFile; fileRef = D05031AE2053855D00C7B8E6 /* MVView.swift */; };
		D05031B1205397D000C7B8E6 /* MemberProfilCell.swift in Sources */ = {isa = PBXBuildFile; fileRef = D05031B0205397D000C7B8E6 /* MemberProfilCell.swift */; };
		D05031B32053980600C7B8E6 /* OtherMemberCell.swift in Sources */ = {isa = PBXBuildFile; fileRef = D05031B22053980600C7B8E6 /* OtherMemberCell.swift */; };
		D069DBFE20500EEA000F7B71 /* MemberCell.swift in Sources */ = {isa = PBXBuildFile; fileRef = D069DBFD20500EEA000F7B71 /* MemberCell.swift */; };
		D0912E90204EE11000B7B665 /* NewsVC.swift in Sources */ = {isa = PBXBuildFile; fileRef = D0912E8F204EE11000B7B665 /* NewsVC.swift */; };
		D0912E92204EE22C00B7B665 /* MembersVC.swift in Sources */ = {isa = PBXBuildFile; fileRef = D0912E91204EE22C00B7B665 /* MembersVC.swift */; };
		D0912E94204EE29000B7B665 /* MVVC.swift in Sources */ = {isa = PBXBuildFile; fileRef = D0912E93204EE29000B7B665 /* MVVC.swift */; };
		D0C727FB204EC39E00B36311 /* SukhumvitSet.ttc in Resources */ = {isa = PBXBuildFile; fileRef = D0C727FA204EC39900B36311 /* SukhumvitSet.ttc */; };
		D0C727FF204ECFE600B36311 /* MainCell.swift in Sources */ = {isa = PBXBuildFile; fileRef = D0C727FE204ECFE600B36311 /* MainCell.swift */; };
		D0CC8A7D20541A6C00844A07 /* GoogleService-Info.plist in Resources */ = {isa = PBXBuildFile; fileRef = D0CC8A7C20541A6B00844A07 /* GoogleService-Info.plist */; };
		D0E2F1E02049490900411F1C /* AppDelegate.swift in Sources */ = {isa = PBXBuildFile; fileRef = D0E2F1DF2049490900411F1C /* AppDelegate.swift */; };
		D0E2F1E22049490900411F1C /* MainVC.swift in Sources */ = {isa = PBXBuildFile; fileRef = D0E2F1E12049490900411F1C /* MainVC.swift */; };
		D0E2F1E72049490900411F1C /* Assets.xcassets in Resources */ = {isa = PBXBuildFile; fileRef = D0E2F1E62049490900411F1C /* Assets.xcassets */; };
		D0E2F1EA2049490900411F1C /* LaunchScreen.storyboard in Resources */ = {isa = PBXBuildFile; fileRef = D0E2F1E82049490900411F1C /* LaunchScreen.storyboard */; };
/* End PBXBuildFile section */

/* Begin PBXFileReference section */
		586038B0B0A15EB2ABF733DF /* Pods-IntroBNK.debug.xcconfig */ = {isa = PBXFileReference; includeInIndex = 1; lastKnownFileType = text.xcconfig; name = "Pods-IntroBNK.debug.xcconfig"; path = "Pods/Target Support Files/Pods-IntroBNK/Pods-IntroBNK.debug.xcconfig"; sourceTree = "<group>"; };
		C6192CE4F32EAF5C59A4B72C /* Pods_IntroBNK.framework */ = {isa = PBXFileReference; explicitFileType = wrapper.framework; includeInIndex = 0; path = Pods_IntroBNK.framework; sourceTree = BUILT_PRODUCTS_DIR; };
		D002846E20511F840004C372 /* MemberVC.swift */ = {isa = PBXFileReference; lastKnownFileType = sourcecode.swift; path = MemberVC.swift; sourceTree = "<group>"; };
		D0028470205124BD0004C372 /* MVCell.swift */ = {isa = PBXFileReference; lastKnownFileType = sourcecode.swift; path = MVCell.swift; sourceTree = "<group>"; };
		D002847320512DF10004C372 /* Extensions.swift */ = {isa = PBXFileReference; lastKnownFileType = sourcecode.swift; path = Extensions.swift; sourceTree = "<group>"; };
		D00284772051362B0004C372 /* MVVideoVC.swift */ = {isa = PBXFileReference; lastKnownFileType = sourcecode.swift; path = MVVideoVC.swift; sourceTree = "<group>"; };
		D0393C9820526B5B00614EB4 /* NewsCell.swift */ = {isa = PBXFileReference; lastKnownFileType = sourcecode.swift; path = NewsCell.swift; sourceTree = "<group>"; };
		D05031AC205382A300C7B8E6 /* Main.swift */ = {isa = PBXFileReference; lastKnownFileType = sourcecode.swift; path = Main.swift; sourceTree = "<group>"; };
		D05031AE2053855D00C7B8E6 /* MVView.swift */ = {isa = PBXFileReference; lastKnownFileType = sourcecode.swift; path = MVView.swift; sourceTree = "<group>"; };
		D05031B0205397D000C7B8E6 /* MemberProfilCell.swift */ = {isa = PBXFileReference; lastKnownFileType = sourcecode.swift; path = MemberProfilCell.swift; sourceTree = "<group>"; };
		D05031B22053980600C7B8E6 /* OtherMemberCell.swift */ = {isa = PBXFileReference; lastKnownFileType = sourcecode.swift; path = OtherMemberCell.swift; sourceTree = "<group>"; };
		D069DBFD20500EEA000F7B71 /* MemberCell.swift */ = {isa = PBXFileReference; lastKnownFileType = sourcecode.swift; path = MemberCell.swift; sourceTree = "<group>"; };
		D0912E8F204EE11000B7B665 /* NewsVC.swift */ = {isa = PBXFileReference; lastKnownFileType = sourcecode.swift; path = NewsVC.swift; sourceTree = "<group>"; };
		D0912E91204EE22C00B7B665 /* MembersVC.swift */ = {isa = PBXFileReference; lastKnownFileType = sourcecode.swift; path = MembersVC.swift; sourceTree = "<group>"; };
		D0912E93204EE29000B7B665 /* MVVC.swift */ = {isa = PBXFileReference; lastKnownFileType = sourcecode.swift; path = MVVC.swift; sourceTree = "<group>"; };
		D0C727FA204EC39900B36311 /* SukhumvitSet.ttc */ = {isa = PBXFileReference; lastKnownFileType = file; path = SukhumvitSet.ttc; sourceTree = "<group>"; };
		D0C727FE204ECFE600B36311 /* MainCell.swift */ = {isa = PBXFileReference; lastKnownFileType = sourcecode.swift; path = MainCell.swift; sourceTree = "<group>"; };
		D0CC8A7C20541A6B00844A07 /* GoogleService-Info.plist */ = {isa = PBXFileReference; fileEncoding = 4; lastKnownFileType = text.plist.xml; path = "GoogleService-Info.plist"; sourceTree = "<group>"; };
		D0E2F1DC2049490900411F1C /* IntroBNK.app */ = {isa = PBXFileReference; explicitFileType = wrapper.application; includeInIndex = 0; path = IntroBNK.app; sourceTree = BUILT_PRODUCTS_DIR; };
		D0E2F1DF2049490900411F1C /* AppDelegate.swift */ = {isa = PBXFileReference; lastKnownFileType = sourcecode.swift; path = AppDelegate.swift; sourceTree = "<group>"; };
		D0E2F1E12049490900411F1C /* MainVC.swift */ = {isa = PBXFileReference; lastKnownFileType = sourcecode.swift; path = MainVC.swift; sourceTree = "<group>"; };
		D0E2F1E62049490900411F1C /* Assets.xcassets */ = {isa = PBXFileReference; lastKnownFileType = folder.assetcatalog; path = Assets.xcassets; sourceTree = "<group>"; };
		D0E2F1E92049490900411F1C /* Base */ = {isa = PBXFileReference; lastKnownFileType = file.storyboard; name = Base; path = Base.lproj/LaunchScreen.storyboard; sourceTree = "<group>"; };
		D0E2F1EB2049490900411F1C /* Info.plist */ = {isa = PBXFileReference; lastKnownFileType = text.plist.xml; path = Info.plist; sourceTree = "<group>"; };
		EF2BE701669E766FCCF3077C /* Pods-IntroBNK.release.xcconfig */ = {isa = PBXFileReference; includeInIndex = 1; lastKnownFileType = text.xcconfig; name = "Pods-IntroBNK.release.xcconfig"; path = "Pods/Target Support Files/Pods-IntroBNK/Pods-IntroBNK.release.xcconfig"; sourceTree = "<group>"; };
/* End PBXFileReference section */

/* Begin PBXFrameworksBuildPhase section */
		D0E2F1D92049490900411F1C /* Frameworks */ = {
			isa = PBXFrameworksBuildPhase;
			buildActionMask = 2147483647;
			files = (
				7F9410E03D36C79C4E3C1EE6 /* Pods_IntroBNK.framework in Frameworks */,
			);
			runOnlyForDeploymentPostprocessing = 0;
		};
/* End PBXFrameworksBuildPhase section */

/* Begin PBXGroup section */
		85D1032BE5B51E8C3497E792 /* Pods */ = {
			isa = PBXGroup;
			children = (
				586038B0B0A15EB2ABF733DF /* Pods-IntroBNK.debug.xcconfig */,
				EF2BE701669E766FCCF3077C /* Pods-IntroBNK.release.xcconfig */,
			);
			name = Pods;
			sourceTree = "<group>";
		};
		91D708D8A01963F9498CAD98 /* Frameworks */ = {
			isa = PBXGroup;
			children = (
				C6192CE4F32EAF5C59A4B72C /* Pods_IntroBNK.framework */,
			);
			name = Frameworks;
			sourceTree = "<group>";
		};
		D002847220512DE50004C372 /* Library */ = {
			isa = PBXGroup;
			children = (
				D002847320512DF10004C372 /* Extensions.swift */,
			);
			path = Library;
			sourceTree = "<group>";
		};
		D05031AB2053829300C7B8E6 /* Models */ = {
			isa = PBXGroup;
			children = (
				D05031AC205382A300C7B8E6 /* Main.swift */,
			);
			path = Models;
			sourceTree = "<group>";
		};
		D0912E95204EE2E900B7B665 /* Controllers */ = {
			isa = PBXGroup;
			children = (
				D0E2F1E12049490900411F1C /* MainVC.swift */,
				D0912E93204EE29000B7B665 /* MVVC.swift */,
				D00284772051362B0004C372 /* MVVideoVC.swift */,
				D0912E91204EE22C00B7B665 /* MembersVC.swift */,
				D002846E20511F840004C372 /* MemberVC.swift */,
				D0912E8F204EE11000B7B665 /* NewsVC.swift */,
			);
			path = Controllers;
			sourceTree = "<group>";
		};
		D0912E96204EE2F900B7B665 /* Singletons */ = {
			isa = PBXGroup;
			children = (
				D0E2F1DF2049490900411F1C /* AppDelegate.swift */,
			);
			path = Singletons;
			sourceTree = "<group>";
		};
		D0912E97204EE30400B7B665 /* Views */ = {
			isa = PBXGroup;
			children = (
				D0C727FE204ECFE600B36311 /* MainCell.swift */,
				D069DBFD20500EEA000F7B71 /* MemberCell.swift */,
				D0028470205124BD0004C372 /* MVCell.swift */,
				D0393C9820526B5B00614EB4 /* NewsCell.swift */,
				D05031AE2053855D00C7B8E6 /* MVView.swift */,
				D05031B0205397D000C7B8E6 /* MemberProfilCell.swift */,
				D05031B22053980600C7B8E6 /* OtherMemberCell.swift */,
			);
			path = Views;
			sourceTree = "<group>";
		};
		D0912E98204EE31000B7B665 /* Fonts */ = {
			isa = PBXGroup;
			children = (
				D0C727FA204EC39900B36311 /* SukhumvitSet.ttc */,
			);
			path = Fonts;
			sourceTree = "<group>";
		};
		D0E2F1D32049490900411F1C = {
			isa = PBXGroup;
			children = (
				D0E2F1DE2049490900411F1C /* IntroBNK */,
				D0E2F1DD2049490900411F1C /* Products */,
				85D1032BE5B51E8C3497E792 /* Pods */,
				91D708D8A01963F9498CAD98 /* Frameworks */,
			);
			sourceTree = "<group>";
		};
		D0E2F1DD2049490900411F1C /* Products */ = {
			isa = PBXGroup;
			children = (
				D0E2F1DC2049490900411F1C /* IntroBNK.app */,
			);
			name = Products;
			sourceTree = "<group>";
		};
		D0E2F1DE2049490900411F1C /* IntroBNK */ = {
			isa = PBXGroup;
			children = (
				D05031AB2053829300C7B8E6 /* Models */,
				D002847220512DE50004C372 /* Library */,
				D0912E98204EE31000B7B665 /* Fonts */,
				D0912E97204EE30400B7B665 /* Views */,
				D0912E96204EE2F900B7B665 /* Singletons */,
				D0912E95204EE2E900B7B665 /* Controllers */,
				D0E2F1E62049490900411F1C /* Assets.xcassets */,
				D0E2F1E82049490900411F1C /* LaunchScreen.storyboard */,
				D0CC8A7C20541A6B00844A07 /* GoogleService-Info.plist */,
				D0E2F1EB2049490900411F1C /* Info.plist */,
			);
			path = IntroBNK;
			sourceTree = "<group>";
		};
/* End PBXGroup section */

/* Begin PBXNativeTarget section */
		D0E2F1DB2049490900411F1C /* IntroBNK */ = {
			isa = PBXNativeTarget;
			buildConfigurationList = D0E2F1EE2049490900411F1C /* Build configuration list for PBXNativeTarget "IntroBNK" */;
			buildPhases = (
				785861B283824B1EC4E61326 /* [CP] Check Pods Manifest.lock */,
				D0E2F1D82049490900411F1C /* Sources */,
				D0E2F1D92049490900411F1C /* Frameworks */,
				D0E2F1DA2049490900411F1C /* Resources */,
				CC1B8BFB54014EAE488D7B54 /* [CP] Embed Pods Frameworks */,
				FFA9B52AA9B8F082D438FF8F /* [CP] Copy Pods Resources */,
			);
			buildRules = (
			);
			dependencies = (
			);
			name = IntroBNK;
			productName = IntroBNK;
			productReference = D0E2F1DC2049490900411F1C /* IntroBNK.app */;
			productType = "com.apple.product-type.application";
		};
/* End PBXNativeTarget section */

/* Begin PBXProject section */
		D0E2F1D42049490900411F1C /* Project object */ = {
			isa = PBXProject;
			attributes = {
				LastSwiftUpdateCheck = 0920;
				LastUpgradeCheck = 0920;
				ORGANIZATIONNAME = "Thanapat Sorralump";
				TargetAttributes = {
					D0E2F1DB2049490900411F1C = {
						CreatedOnToolsVersion = 9.2;
						ProvisioningStyle = Automatic;
					};
				};
			};
			buildConfigurationList = D0E2F1D72049490900411F1C /* Build configuration list for PBXProject "IntroBNK" */;
			compatibilityVersion = "Xcode 8.0";
			developmentRegion = en;
			hasScannedForEncodings = 0;
			knownRegions = (
				en,
				Base,
			);
			mainGroup = D0E2F1D32049490900411F1C;
			productRefGroup = D0E2F1DD2049490900411F1C /* Products */;
			projectDirPath = "";
			projectRoot = "";
			targets = (
				D0E2F1DB2049490900411F1C /* IntroBNK */,
			);
		};
/* End PBXProject section */

/* Begin PBXResourcesBuildPhase section */
		D0E2F1DA2049490900411F1C /* Resources */ = {
			isa = PBXResourcesBuildPhase;
			buildActionMask = 2147483647;
			files = (
				D0E2F1EA2049490900411F1C /* LaunchScreen.storyboard in Resources */,
				D0CC8A7D20541A6C00844A07 /* GoogleService-Info.plist in Resources */,
				D0C727FB204EC39E00B36311 /* SukhumvitSet.ttc in Resources */,
				D0E2F1E72049490900411F1C /* Assets.xcassets in Resources */,
			);
			runOnlyForDeploymentPostprocessing = 0;
		};
/* End PBXResourcesBuildPhase section */

/* Begin PBXShellScriptBuildPhase section */
		785861B283824B1EC4E61326 /* [CP] Check Pods Manifest.lock */ = {
			isa = PBXShellScriptBuildPhase;
			buildActionMask = 2147483647;
			files = (
			);
			inputPaths = (
				"${PODS_PODFILE_DIR_PATH}/Podfile.lock",
				"${PODS_ROOT}/Manifest.lock",
			);
			name = "[CP] Check Pods Manifest.lock";
			outputPaths = (
				"$(DERIVED_FILE_DIR)/Pods-IntroBNK-checkManifestLockResult.txt",
			);
			runOnlyForDeploymentPostprocessing = 0;
			shellPath = /bin/sh;
			shellScript = "diff \"${PODS_PODFILE_DIR_PATH}/Podfile.lock\" \"${PODS_ROOT}/Manifest.lock\" > /dev/null\nif [ $? != 0 ] ; then\n    # print error to STDERR\n    echo \"error: The sandbox is not in sync with the Podfile.lock. Run 'pod install' or update your CocoaPods installation.\" >&2\n    exit 1\nfi\n# This output is used by Xcode 'outputs' to avoid re-running this script phase.\necho \"SUCCESS\" > \"${SCRIPT_OUTPUT_FILE_0}\"\n";
			showEnvVarsInLog = 0;
		};
		CC1B8BFB54014EAE488D7B54 /* [CP] Embed Pods Frameworks */ = {
			isa = PBXShellScriptBuildPhase;
			buildActionMask = 2147483647;
			files = (
			);
			inputPaths = (
				"${SRCROOT}/Pods/Target Support Files/Pods-IntroBNK/Pods-IntroBNK-frameworks.sh",
				"${BUILT_PRODUCTS_DIR}/GoogleToolboxForMac/GoogleToolboxForMac.framework",
				"${BUILT_PRODUCTS_DIR}/nanopb/nanopb.framework",
			);
			name = "[CP] Embed Pods Frameworks";
			outputPaths = (
				"${TARGET_BUILD_DIR}/${FRAMEWORKS_FOLDER_PATH}/GoogleToolboxForMac.framework",
				"${TARGET_BUILD_DIR}/${FRAMEWORKS_FOLDER_PATH}/nanopb.framework",
			);
			runOnlyForDeploymentPostprocessing = 0;
			shellPath = /bin/sh;
			shellScript = "\"${SRCROOT}/Pods/Target Support Files/Pods-IntroBNK/Pods-IntroBNK-frameworks.sh\"\n";
			showEnvVarsInLog = 0;
		};
		FFA9B52AA9B8F082D438FF8F /* [CP] Copy Pods Resources */ = {
			isa = PBXShellScriptBuildPhase;
			buildActionMask = 2147483647;
			files = (
			);
			inputPaths = (
			);
			name = "[CP] Copy Pods Resources";
			outputPaths = (
			);
			runOnlyForDeploymentPostprocessing = 0;
			shellPath = /bin/sh;
			shellScript = "\"${SRCROOT}/Pods/Target Support Files/Pods-IntroBNK/Pods-IntroBNK-resources.sh\"\n";
			showEnvVarsInLog = 0;
		};
/* End PBXShellScriptBuildPhase section */

/* Begin PBXSourcesBuildPhase section */
		D0E2F1D82049490900411F1C /* Sources */ = {
			isa = PBXSourcesBuildPhase;
			buildActionMask = 2147483647;
			files = (
				D0E2F1E22049490900411F1C /* MainVC.swift in Sources */,
				D05031B1205397D000C7B8E6 /* MemberProfilCell.swift in Sources */,
				D05031AD205382A300C7B8E6 /* Main.swift in Sources */,
				D002847420512DF10004C372 /* Extensions.swift in Sources */,
				D0E2F1E02049490900411F1C /* AppDelegate.swift in Sources */,
				D00284782051362B0004C372 /* MVVideoVC.swift in Sources */,
				D0912E92204EE22C00B7B665 /* MembersVC.swift in Sources */,
				D0912E94204EE29000B7B665 /* MVVC.swift in Sources */,
				D002846F20511F840004C372 /* MemberVC.swift in Sources */,
				D069DBFE20500EEA000F7B71 /* MemberCell.swift in Sources */,
				D05031B32053980600C7B8E6 /* OtherMemberCell.swift in Sources */,
				D05031AF2053855D00C7B8E6 /* MVView.swift in Sources */,
				D0C727FF204ECFE600B36311 /* MainCell.swift in Sources */,
				D0912E90204EE11000B7B665 /* NewsVC.swift in Sources */,
				D0393C9920526B5B00614EB4 /* NewsCell.swift in Sources */,
				D0028471205124BD0004C372 /* MVCell.swift in Sources */,
			);
			runOnlyForDeploymentPostprocessing = 0;
		};
/* End PBXSourcesBuildPhase section */

/* Begin PBXVariantGroup section */
		D0E2F1E82049490900411F1C /* LaunchScreen.storyboard */ = {
			isa = PBXVariantGroup;
			children = (
				D0E2F1E92049490900411F1C /* Base */,
			);
			name = LaunchScreen.storyboard;
			sourceTree = "<group>";
		};
/* End PBXVariantGroup section */

/* Begin XCBuildConfiguration section */
		D0E2F1EC2049490900411F1C /* Debug */ = {
			isa = XCBuildConfiguration;
			buildSettings = {
				ALWAYS_SEARCH_USER_PATHS = NO;
				CLANG_ANALYZER_NONNULL = YES;
				CLANG_ANALYZER_NUMBER_OBJECT_CONVERSION = YES_AGGRESSIVE;
				CLANG_CXX_LANGUAGE_STANDARD = "gnu++14";
				CLANG_CXX_LIBRARY = "libc++";
				CLANG_ENABLE_MODULES = YES;
				CLANG_ENABLE_OBJC_ARC = YES;
				CLANG_WARN_BLOCK_CAPTURE_AUTORELEASING = YES;
				CLANG_WARN_BOOL_CONVERSION = YES;
				CLANG_WARN_COMMA = YES;
				CLANG_WARN_CONSTANT_CONVERSION = YES;
				CLANG_WARN_DIRECT_OBJC_ISA_USAGE = YES_ERROR;
				CLANG_WARN_DOCUMENTATION_COMMENTS = YES;
				CLANG_WARN_EMPTY_BODY = YES;
				CLANG_WARN_ENUM_CONVERSION = YES;
				CLANG_WARN_INFINITE_RECURSION = YES;
				CLANG_WARN_INT_CONVERSION = YES;
				CLANG_WARN_NON_LITERAL_NULL_CONVERSION = YES;
				CLANG_WARN_OBJC_LITERAL_CONVERSION = YES;
				CLANG_WARN_OBJC_ROOT_CLASS = YES_ERROR;
				CLANG_WARN_RANGE_LOOP_ANALYSIS = YES;
				CLANG_WARN_STRICT_PROTOTYPES = YES;
				CLANG_WARN_SUSPICIOUS_MOVE = YES;
				CLANG_WARN_UNGUARDED_AVAILABILITY = YES_AGGRESSIVE;
				CLANG_WARN_UNREACHABLE_CODE = YES;
				CLANG_WARN__DUPLICATE_METHOD_MATCH = YES;
				CODE_SIGN_IDENTITY = "iPhone Developer";
				COPY_PHASE_STRIP = NO;
				DEBUG_INFORMATION_FORMAT = dwarf;
				ENABLE_STRICT_OBJC_MSGSEND = YES;
				ENABLE_TESTABILITY = YES;
				GCC_C_LANGUAGE_STANDARD = gnu11;
				GCC_DYNAMIC_NO_PIC = NO;
				GCC_NO_COMMON_BLOCKS = YES;
				GCC_OPTIMIZATION_LEVEL = 0;
				GCC_PREPROCESSOR_DEFINITIONS = (
					"DEBUG=1",
					"$(inherited)",
				);
				GCC_WARN_64_TO_32_BIT_CONVERSION = YES;
				GCC_WARN_ABOUT_RETURN_TYPE = YES_ERROR;
				GCC_WARN_UNDECLARED_SELECTOR = YES;
				GCC_WARN_UNINITIALIZED_AUTOS = YES_AGGRESSIVE;
				GCC_WARN_UNUSED_FUNCTION = YES;
				GCC_WARN_UNUSED_VARIABLE = YES;
				IPHONEOS_DEPLOYMENT_TARGET = 11.2;
				MTL_ENABLE_DEBUG_INFO = YES;
				ONLY_ACTIVE_ARCH = YES;
				SDKROOT = iphoneos;
				SWIFT_ACTIVE_COMPILATION_CONDITIONS = DEBUG;
				SWIFT_OPTIMIZATION_LEVEL = "-Onone";
			};
			name = Debug;
		};
		D0E2F1ED2049490900411F1C /* Release */ = {
			isa = XCBuildConfiguration;
			buildSettings = {
				ALWAYS_SEARCH_USER_PATHS = NO;
				CLANG_ANALYZER_NONNULL = YES;
				CLANG_ANALYZER_NUMBER_OBJECT_CONVERSION = YES_AGGRESSIVE;
				CLANG_CXX_LANGUAGE_STANDARD = "gnu++14";
				CLANG_CXX_LIBRARY = "libc++";
				CLANG_ENABLE_MODULES = YES;
				CLANG_ENABLE_OBJC_ARC = YES;
				CLANG_WARN_BLOCK_CAPTURE_AUTORELEASING = YES;
				CLANG_WARN_BOOL_CONVERSION = YES;
				CLANG_WARN_COMMA = YES;
				CLANG_WARN_CONSTANT_CONVERSION = YES;
				CLANG_WARN_DIRECT_OBJC_ISA_USAGE = YES_ERROR;
				CLANG_WARN_DOCUMENTATION_COMMENTS = YES;
				CLANG_WARN_EMPTY_BODY = YES;
				CLANG_WARN_ENUM_CONVERSION = YES;
				CLANG_WARN_INFINITE_RECURSION = YES;
				CLANG_WARN_INT_CONVERSION = YES;
				CLANG_WARN_NON_LITERAL_NULL_CONVERSION = YES;
				CLANG_WARN_OBJC_LITERAL_CONVERSION = YES;
				CLANG_WARN_OBJC_ROOT_CLASS = YES_ERROR;
				CLANG_WARN_RANGE_LOOP_ANALYSIS = YES;
				CLANG_WARN_STRICT_PROTOTYPES = YES;
				CLANG_WARN_SUSPICIOUS_MOVE = YES;
				CLANG_WARN_UNGUARDED_AVAILABILITY = YES_AGGRESSIVE;
				CLANG_WARN_UNREACHABLE_CODE = YES;
				CLANG_WARN__DUPLICATE_METHOD_MATCH = YES;
				CODE_SIGN_IDENTITY = "iPhone Developer";
				COPY_PHASE_STRIP = NO;
				DEBUG_INFORMATION_FORMAT = "dwarf-with-dsym";
				ENABLE_NS_ASSERTIONS = NO;
				ENABLE_STRICT_OBJC_MSGSEND = YES;
				GCC_C_LANGUAGE_STANDARD = gnu11;
				GCC_NO_COMMON_BLOCKS = YES;
				GCC_WARN_64_TO_32_BIT_CONVERSION = YES;
				GCC_WARN_ABOUT_RETURN_TYPE = YES_ERROR;
				GCC_WARN_UNDECLARED_SELECTOR = YES;
				GCC_WARN_UNINITIALIZED_AUTOS = YES_AGGRESSIVE;
				GCC_WARN_UNUSED_FUNCTION = YES;
				GCC_WARN_UNUSED_VARIABLE = YES;
				IPHONEOS_DEPLOYMENT_TARGET = 11.2;
				MTL_ENABLE_DEBUG_INFO = NO;
				SDKROOT = iphoneos;
				SWIFT_OPTIMIZATION_LEVEL = "-Owholemodule";
				VALIDATE_PRODUCT = YES;
			};
			name = Release;
		};
		D0E2F1EF2049490900411F1C /* Debug */ = {
			isa = XCBuildConfiguration;
			baseConfigurationReference = 586038B0B0A15EB2ABF733DF /* Pods-IntroBNK.debug.xcconfig */;
			buildSettings = {
				ASSETCATALOG_COMPILER_APPICON_NAME = AppIcon;
				CODE_SIGN_STYLE = Automatic;
				DEVELOPMENT_TEAM = 6M47TVX487;
				INFOPLIST_FILE = IntroBNK/Info.plist;
				LD_RUNPATH_SEARCH_PATHS = "$(inherited) @executable_path/Frameworks";
				PRODUCT_BUNDLE_IDENTIFIER = com.camp.IntroBNK;
				PRODUCT_NAME = "$(TARGET_NAME)";
				SWIFT_VERSION = 4.0;
				TARGETED_DEVICE_FAMILY = "1,2";
			};
			name = Debug;
		};
		D0E2F1F02049490900411F1C /* Release */ = {
			isa = XCBuildConfiguration;
			baseConfigurationReference = EF2BE701669E766FCCF3077C /* Pods-IntroBNK.release.xcconfig */;
			buildSettings = {
				ASSETCATALOG_COMPILER_APPICON_NAME = AppIcon;
				CODE_SIGN_STYLE = Automatic;
				DEVELOPMENT_TEAM = 6M47TVX487;
				INFOPLIST_FILE = IntroBNK/Info.plist;
				LD_RUNPATH_SEARCH_PATHS = "$(inherited) @executable_path/Frameworks";
				PRODUCT_BUNDLE_IDENTIFIER = com.camp.IntroBNK;
				PRODUCT_NAME = "$(TARGET_NAME)";
				SWIFT_VERSION = 4.0;
				TARGETED_DEVICE_FAMILY = "1,2";
			};
			name = Release;
		};
/* End XCBuildConfiguration section */

/* Begin XCConfigurationList section */
		D0E2F1D72049490900411F1C /* Build configuration list for PBXProject "IntroBNK" */ = {
			isa = XCConfigurationList;
			buildConfigurations = (
				D0E2F1EC2049490900411F1C /* Debug */,
				D0E2F1ED2049490900411F1C /* Release */,
			);
			defaultConfigurationIsVisible = 0;
			defaultConfigurationName = Release;
		};
		D0E2F1EE2049490900411F1C /* Build configuration list for PBXNativeTarget "IntroBNK" */ = {
			isa = XCConfigurationList;
			buildConfigurations = (
				D0E2F1EF2049490900411F1C /* Debug */,
				D0E2F1F02049490900411F1C /* Release */,
			);
			defaultConfigurationIsVisible = 0;
			defaultConfigurationName = Release;
		};
/* End XCConfigurationList section */
	};
	rootObject = D0E2F1D42049490900411F1C /* Project object */;
}
